// !$*UTF8*$!
{
	archiveVersion = 1;
	classes = {
	};
	objectVersion = 46;
	objects = {

/* Begin PBXBuildFile section */
		CB30E9501847A45700481F90 /* martellB-568h@2x~iphone.png in Resources */ = {isa = PBXBuildFile; fileRef = CB30E94B1847A45700481F90 /* martellB-568h@2x~iphone.png */; };
		CB30E9511847A45700481F90 /* martellB@2x~ipad.png in Resources */ = {isa = PBXBuildFile; fileRef = CB30E94C1847A45700481F90 /* martellB@2x~ipad.png */; };
		CB30E9521847A45700481F90 /* martellB@2x~iphone.png in Resources */ = {isa = PBXBuildFile; fileRef = CB30E94D1847A45700481F90 /* martellB@2x~iphone.png */; };
		CB30E9531847A45700481F90 /* martellB~ipad.png in Resources */ = {isa = PBXBuildFile; fileRef = CB30E94E1847A45700481F90 /* martellB~ipad.png */; };
		CB30E9541847A45700481F90 /* martellB~iphone.png in Resources */ = {isa = PBXBuildFile; fileRef = CB30E94F1847A45700481F90 /* martellB~iphone.png */; };
		CB30E95A1847A8F000481F90 /* starkB-568h@2x~iphone.png in Resources */ = {isa = PBXBuildFile; fileRef = CB30E9551847A8F000481F90 /* starkB-568h@2x~iphone.png */; };
		CB30E95B1847A8F000481F90 /* starkB@2x~ipad.png in Resources */ = {isa = PBXBuildFile; fileRef = CB30E9561847A8F000481F90 /* starkB@2x~ipad.png */; };
		CB30E95C1847A8F000481F90 /* starkB@2x~iphone.png in Resources */ = {isa = PBXBuildFile; fileRef = CB30E9571847A8F000481F90 /* starkB@2x~iphone.png */; };
		CB30E95D1847A8F000481F90 /* starkB~ipad.png in Resources */ = {isa = PBXBuildFile; fileRef = CB30E9581847A8F000481F90 /* starkB~ipad.png */; };
		CB30E95E1847A8F000481F90 /* starkB~iphone.png in Resources */ = {isa = PBXBuildFile; fileRef = CB30E9591847A8F000481F90 /* starkB~iphone.png */; };
		CB30E9611847AD1500481F90 /* NumberOfQuestionsViewController.m in Sources */ = {isa = PBXBuildFile; fileRef = CB30E9601847AD1500481F90 /* NumberOfQuestionsViewController.m */; };
		CB3515ED183F17EB00135F71 /* SettingsViewController.m in Sources */ = {isa = PBXBuildFile; fileRef = CB3515EC183F17EB00135F71 /* SettingsViewController.m */; };
		CB8CA7591847B434003C24A2 /* circularButton.png in Resources */ = {isa = PBXBuildFile; fileRef = CB8CA7581847B434003C24A2 /* circularButton.png */; };
		CB983944183ED20900904480 /* bigButton.png in Resources */ = {isa = PBXBuildFile; fileRef = CB983941183ED20900904480 /* bigButton.png */; };
		CB983945183ED20900904480 /* SettingsTabIcon@2x.png in Resources */ = {isa = PBXBuildFile; fileRef = CB983942183ED20900904480 /* SettingsTabIcon@2x.png */; };
		CB983946183ED20900904480 /* tinyButton.png in Resources */ = {isa = PBXBuildFile; fileRef = CB983943183ED20900904480 /* tinyButton.png */; };
		CB9E2CB91840062F002F4263 /* baratheonB-568h@2x~iphone.png in Resources */ = {isa = PBXBuildFile; fileRef = CB9E2CB41840062F002F4263 /* baratheonB-568h@2x~iphone.png */; };
		CB9E2CBA1840062F002F4263 /* baratheonB@2x~ipad.png in Resources */ = {isa = PBXBuildFile; fileRef = CB9E2CB51840062F002F4263 /* baratheonB@2x~ipad.png */; };
		CB9E2CBB1840062F002F4263 /* baratheonB@2x~iphone.png in Resources */ = {isa = PBXBuildFile; fileRef = CB9E2CB61840062F002F4263 /* baratheonB@2x~iphone.png */; };
		CB9E2CBC1840062F002F4263 /* baratheonB~ipad.png in Resources */ = {isa = PBXBuildFile; fileRef = CB9E2CB71840062F002F4263 /* baratheonB~ipad.png */; };
		CB9E2CBD1840062F002F4263 /* baratheonB~iphone.png in Resources */ = {isa = PBXBuildFile; fileRef = CB9E2CB81840062F002F4263 /* baratheonB~iphone.png */; };
		CBA7D3A1183E6F8B0002B523 /* Foundation.framework in Frameworks */ = {isa = PBXBuildFile; fileRef = CBA7D3A0183E6F8B0002B523 /* Foundation.framework */; };
		CBA7D3A3183E6F8B0002B523 /* CoreGraphics.framework in Frameworks */ = {isa = PBXBuildFile; fileRef = CBA7D3A2183E6F8B0002B523 /* CoreGraphics.framework */; };
		CBA7D3A5183E6F8B0002B523 /* UIKit.framework in Frameworks */ = {isa = PBXBuildFile; fileRef = CBA7D3A4183E6F8B0002B523 /* UIKit.framework */; };
		CBA7D3AB183E6F8B0002B523 /* InfoPlist.strings in Resources */ = {isa = PBXBuildFile; fileRef = CBA7D3A9183E6F8B0002B523 /* InfoPlist.strings */; };
		CBA7D3AD183E6F8B0002B523 /* main.m in Sources */ = {isa = PBXBuildFile; fileRef = CBA7D3AC183E6F8B0002B523 /* main.m */; };
		CBA7D3B1183E6F8B0002B523 /* GOTAppDelegate.m in Sources */ = {isa = PBXBuildFile; fileRef = CBA7D3B0183E6F8B0002B523 /* GOTAppDelegate.m */; };
		CBA7D3B3183E6F8B0002B523 /* Images.xcassets in Resources */ = {isa = PBXBuildFile; fileRef = CBA7D3B2183E6F8B0002B523 /* Images.xcassets */; };
		CBA7D3BA183E6F8B0002B523 /* XCTest.framework in Frameworks */ = {isa = PBXBuildFile; fileRef = CBA7D3B9183E6F8B0002B523 /* XCTest.framework */; };
		CBA7D3BB183E6F8B0002B523 /* Foundation.framework in Frameworks */ = {isa = PBXBuildFile; fileRef = CBA7D3A0183E6F8B0002B523 /* Foundation.framework */; };
		CBA7D3BC183E6F8B0002B523 /* UIKit.framework in Frameworks */ = {isa = PBXBuildFile; fileRef = CBA7D3A4183E6F8B0002B523 /* UIKit.framework */; };
		CBA7D3C4183E6F8B0002B523 /* InfoPlist.strings in Resources */ = {isa = PBXBuildFile; fileRef = CBA7D3C2183E6F8B0002B523 /* InfoPlist.strings */; };
		CBA7D3C6183E6F8B0002B523 /* GOTTriviaTests.m in Sources */ = {isa = PBXBuildFile; fileRef = CBA7D3C5183E6F8B0002B523 /* GOTTriviaTests.m */; };
		CBA7D3D2183E6FF00002B523 /* IPadStoryboard.storyboard in Resources */ = {isa = PBXBuildFile; fileRef = CBA7D3D1183E6FF00002B523 /* IPadStoryboard.storyboard */; };
		CBA7D3D4183E6FFF0002B523 /* IPhoneStoryboard.storyboard in Resources */ = {isa = PBXBuildFile; fileRef = CBA7D3D3183E6FFF0002B523 /* IPhoneStoryboard.storyboard */; };
		CBA7D3D6183E70F50002B523 /* highScore.plist in Resources */ = {isa = PBXBuildFile; fileRef = CBA7D3D5183E70F50002B523 /* highScore.plist */; };
		CBA7D3EE183E7AA50002B523 /* Game of Thrones.ttf in Resources */ = {isa = PBXBuildFile; fileRef = CBA7D3ED183E7AA50002B523 /* Game of Thrones.ttf */; };
		CBA7D3F2183E7B560002B523 /* HomeViewController.m in Sources */ = {isa = PBXBuildFile; fileRef = CBA7D3F1183E7B560002B523 /* HomeViewController.m */; };
		CBE3FE3518522EBD00811807 /* NSString+fitFontToButton.m in Sources */ = {isa = PBXBuildFile; fileRef = CBE3FE3418522EBD00811807 /* NSString+fitFontToButton.m */; };
		CBE3FE3818522EC700811807 /* NSMutableArray_Shuffling.m in Sources */ = {isa = PBXBuildFile; fileRef = CBE3FE3718522EC700811807 /* NSMutableArray_Shuffling.m */; };
		CBE3FE3F18522F2900811807 /* GameController.m in Sources */ = {isa = PBXBuildFile; fileRef = CBE3FE3C18522F2900811807 /* GameController.m */; };
		CBE3FE4018522F2900811807 /* GameQuestion.m in Sources */ = {isa = PBXBuildFile; fileRef = CBE3FE3E18522F2900811807 /* GameQuestion.m */; };
		CBEC2CB71849159900F74B13 /* EasyQuestions.plist in Resources */ = {isa = PBXBuildFile; fileRef = CBEC2CB61849159900F74B13 /* EasyQuestions.plist */; };
		CBEC2CBB18498E7900F74B13 /* QuestionViewController.m in Sources */ = {isa = PBXBuildFile; fileRef = CBEC2CBA18498E7900F74B13 /* QuestionViewController.m */; };
		CBEC2CBD1849904100F74B13 /* questionButton.png in Resources */ = {isa = PBXBuildFile; fileRef = CBEC2CBC1849904100F74B13 /* questionButton.png */; };
		CBFF52A1183ED28F0019EFA3 /* DifficultySelectionViewController.m in Sources */ = {isa = PBXBuildFile; fileRef = CBFF52A0183ED28F0019EFA3 /* DifficultySelectionViewController.m */; };
		CBFF52A8183ED7D00019EFA3 /* lannisterB-568h@2x~iphone.png in Resources */ = {isa = PBXBuildFile; fileRef = CBFF52A3183ED7D00019EFA3 /* lannisterB-568h@2x~iphone.png */; };
		CBFF52A9183ED7D00019EFA3 /* lannisterB@2x~ipad.png in Resources */ = {isa = PBXBuildFile; fileRef = CBFF52A4183ED7D00019EFA3 /* lannisterB@2x~ipad.png */; };
		CBFF52AA183ED7D00019EFA3 /* lannisterB@2x~iphone.png in Resources */ = {isa = PBXBuildFile; fileRef = CBFF52A5183ED7D00019EFA3 /* lannisterB@2x~iphone.png */; };
		CBFF52AB183ED7D00019EFA3 /* lannisterB~ipad.png in Resources */ = {isa = PBXBuildFile; fileRef = CBFF52A6183ED7D00019EFA3 /* lannisterB~ipad.png */; };
		CBFF52AC183ED7D00019EFA3 /* lannisterB~iphone.png in Resources */ = {isa = PBXBuildFile; fileRef = CBFF52A7183ED7D00019EFA3 /* lannisterB~iphone.png */; };
/* End PBXBuildFile section */

/* Begin PBXContainerItemProxy section */
		CBA7D3BD183E6F8B0002B523 /* PBXContainerItemProxy */ = {
			isa = PBXContainerItemProxy;
			containerPortal = CBA7D395183E6F8B0002B523 /* Project object */;
			proxyType = 1;
			remoteGlobalIDString = CBA7D39C183E6F8B0002B523;
			remoteInfo = GOTTrivia;
		};
/* End PBXContainerItemProxy section */

/* Begin PBXFileReference section */
		CB30E94B1847A45700481F90 /* martellB-568h@2x~iphone.png */ = {isa = PBXFileReference; lastKnownFileType = image.png; path = "martellB-568h@2x~iphone.png"; sourceTree = "<group>"; };
		CB30E94C1847A45700481F90 /* martellB@2x~ipad.png */ = {isa = PBXFileReference; lastKnownFileType = image.png; path = "martellB@2x~ipad.png"; sourceTree = "<group>"; };
		CB30E94D1847A45700481F90 /* martellB@2x~iphone.png */ = {isa = PBXFileReference; lastKnownFileType = image.png; path = "martellB@2x~iphone.png"; sourceTree = "<group>"; };
		CB30E94E1847A45700481F90 /* martellB~ipad.png */ = {isa = PBXFileReference; lastKnownFileType = image.png; path = "martellB~ipad.png"; sourceTree = "<group>"; };
		CB30E94F1847A45700481F90 /* martellB~iphone.png */ = {isa = PBXFileReference; lastKnownFileType = image.png; path = "martellB~iphone.png"; sourceTree = "<group>"; };
		CB30E9551847A8F000481F90 /* starkB-568h@2x~iphone.png */ = {isa = PBXFileReference; lastKnownFileType = image.png; name = "starkB-568h@2x~iphone.png"; path = "Background Images/Stark Images/starkB-568h@2x~iphone.png"; sourceTree = "<group>"; };
		CB30E9561847A8F000481F90 /* starkB@2x~ipad.png */ = {isa = PBXFileReference; lastKnownFileType = image.png; name = "starkB@2x~ipad.png"; path = "Background Images/Stark Images/starkB@2x~ipad.png"; sourceTree = "<group>"; };
		CB30E9571847A8F000481F90 /* starkB@2x~iphone.png */ = {isa = PBXFileReference; lastKnownFileType = image.png; name = "starkB@2x~iphone.png"; path = "Background Images/Stark Images/starkB@2x~iphone.png"; sourceTree = "<group>"; };
		CB30E9581847A8F000481F90 /* starkB~ipad.png */ = {isa = PBXFileReference; lastKnownFileType = image.png; name = "starkB~ipad.png"; path = "Background Images/Stark Images/starkB~ipad.png"; sourceTree = "<group>"; };
		CB30E9591847A8F000481F90 /* starkB~iphone.png */ = {isa = PBXFileReference; lastKnownFileType = image.png; name = "starkB~iphone.png"; path = "Background Images/Stark Images/starkB~iphone.png"; sourceTree = "<group>"; };
		CB30E95F1847AD1500481F90 /* NumberOfQuestionsViewController.h */ = {isa = PBXFileReference; fileEncoding = 4; lastKnownFileType = sourcecode.c.h; path = NumberOfQuestionsViewController.h; sourceTree = "<group>"; };
		CB30E9601847AD1500481F90 /* NumberOfQuestionsViewController.m */ = {isa = PBXFileReference; fileEncoding = 4; lastKnownFileType = sourcecode.c.objc; path = NumberOfQuestionsViewController.m; sourceTree = "<group>"; };
		CB3515EB183F17EB00135F71 /* SettingsViewController.h */ = {isa = PBXFileReference; fileEncoding = 4; lastKnownFileType = sourcecode.c.h; path = SettingsViewController.h; sourceTree = "<group>"; };
		CB3515EC183F17EB00135F71 /* SettingsViewController.m */ = {isa = PBXFileReference; fileEncoding = 4; lastKnownFileType = sourcecode.c.objc; path = SettingsViewController.m; sourceTree = "<group>"; };
		CB8CA7581847B434003C24A2 /* circularButton.png */ = {isa = PBXFileReference; lastKnownFileType = image.png; path = circularButton.png; sourceTree = "<group>"; };
		CB983941183ED20900904480 /* bigButton.png */ = {isa = PBXFileReference; lastKnownFileType = image.png; path = bigButton.png; sourceTree = "<group>"; };
		CB983942183ED20900904480 /* SettingsTabIcon@2x.png */ = {isa = PBXFileReference; lastKnownFileType = image.png; path = "SettingsTabIcon@2x.png"; sourceTree = "<group>"; };
		CB983943183ED20900904480 /* tinyButton.png */ = {isa = PBXFileReference; lastKnownFileType = image.png; path = tinyButton.png; sourceTree = "<group>"; };
		CB9E2CB41840062F002F4263 /* baratheonB-568h@2x~iphone.png */ = {isa = PBXFileReference; lastKnownFileType = image.png; path = "baratheonB-568h@2x~iphone.png"; sourceTree = "<group>"; };
		CB9E2CB51840062F002F4263 /* baratheonB@2x~ipad.png */ = {isa = PBXFileReference; lastKnownFileType = image.png; path = "baratheonB@2x~ipad.png"; sourceTree = "<group>"; };
		CB9E2CB61840062F002F4263 /* baratheonB@2x~iphone.png */ = {isa = PBXFileReference; lastKnownFileType = image.png; path = "baratheonB@2x~iphone.png"; sourceTree = "<group>"; };
		CB9E2CB71840062F002F4263 /* baratheonB~ipad.png */ = {isa = PBXFileReference; lastKnownFileType = image.png; path = "baratheonB~ipad.png"; sourceTree = "<group>"; };
		CB9E2CB81840062F002F4263 /* baratheonB~iphone.png */ = {isa = PBXFileReference; lastKnownFileType = image.png; path = "baratheonB~iphone.png"; sourceTree = "<group>"; };
		CBA7D39D183E6F8B0002B523 /* GOTTrivia.app */ = {isa = PBXFileReference; explicitFileType = wrapper.application; includeInIndex = 0; path = GOTTrivia.app; sourceTree = BUILT_PRODUCTS_DIR; };
		CBA7D3A0183E6F8B0002B523 /* Foundation.framework */ = {isa = PBXFileReference; lastKnownFileType = wrapper.framework; name = Foundation.framework; path = System/Library/Frameworks/Foundation.framework; sourceTree = SDKROOT; };
		CBA7D3A2183E6F8B0002B523 /* CoreGraphics.framework */ = {isa = PBXFileReference; lastKnownFileType = wrapper.framework; name = CoreGraphics.framework; path = System/Library/Frameworks/CoreGraphics.framework; sourceTree = SDKROOT; };
		CBA7D3A4183E6F8B0002B523 /* UIKit.framework */ = {isa = PBXFileReference; lastKnownFileType = wrapper.framework; name = UIKit.framework; path = System/Library/Frameworks/UIKit.framework; sourceTree = SDKROOT; };
		CBA7D3A8183E6F8B0002B523 /* GOTTrivia-Info.plist */ = {isa = PBXFileReference; lastKnownFileType = text.plist.xml; path = "GOTTrivia-Info.plist"; sourceTree = "<group>"; };
		CBA7D3AA183E6F8B0002B523 /* en */ = {isa = PBXFileReference; lastKnownFileType = text.plist.strings; name = en; path = en.lproj/InfoPlist.strings; sourceTree = "<group>"; };
		CBA7D3AC183E6F8B0002B523 /* main.m */ = {isa = PBXFileReference; lastKnownFileType = sourcecode.c.objc; path = main.m; sourceTree = "<group>"; };
		CBA7D3AE183E6F8B0002B523 /* GOTTrivia-Prefix.pch */ = {isa = PBXFileReference; lastKnownFileType = sourcecode.c.h; path = "GOTTrivia-Prefix.pch"; sourceTree = "<group>"; };
		CBA7D3AF183E6F8B0002B523 /* GOTAppDelegate.h */ = {isa = PBXFileReference; lastKnownFileType = sourcecode.c.h; path = GOTAppDelegate.h; sourceTree = "<group>"; };
		CBA7D3B0183E6F8B0002B523 /* GOTAppDelegate.m */ = {isa = PBXFileReference; lastKnownFileType = sourcecode.c.objc; path = GOTAppDelegate.m; sourceTree = "<group>"; };
		CBA7D3B2183E6F8B0002B523 /* Images.xcassets */ = {isa = PBXFileReference; lastKnownFileType = folder.assetcatalog; path = Images.xcassets; sourceTree = "<group>"; };
		CBA7D3B8183E6F8B0002B523 /* GOTTriviaTests.xctest */ = {isa = PBXFileReference; explicitFileType = wrapper.cfbundle; includeInIndex = 0; path = GOTTriviaTests.xctest; sourceTree = BUILT_PRODUCTS_DIR; };
		CBA7D3B9183E6F8B0002B523 /* XCTest.framework */ = {isa = PBXFileReference; lastKnownFileType = wrapper.framework; name = XCTest.framework; path = Library/Frameworks/XCTest.framework; sourceTree = DEVELOPER_DIR; };
		CBA7D3C1183E6F8B0002B523 /* GOTTriviaTests-Info.plist */ = {isa = PBXFileReference; lastKnownFileType = text.plist.xml; path = "GOTTriviaTests-Info.plist"; sourceTree = "<group>"; };
		CBA7D3C3183E6F8B0002B523 /* en */ = {isa = PBXFileReference; lastKnownFileType = text.plist.strings; name = en; path = en.lproj/InfoPlist.strings; sourceTree = "<group>"; };
		CBA7D3C5183E6F8B0002B523 /* GOTTriviaTests.m */ = {isa = PBXFileReference; lastKnownFileType = sourcecode.c.objc; path = GOTTriviaTests.m; sourceTree = "<group>"; };
		CBA7D3D1183E6FF00002B523 /* IPadStoryboard.storyboard */ = {isa = PBXFileReference; fileEncoding = 4; lastKnownFileType = file.storyboard; path = IPadStoryboard.storyboard; sourceTree = "<group>"; };
		CBA7D3D3183E6FFF0002B523 /* IPhoneStoryboard.storyboard */ = {isa = PBXFileReference; fileEncoding = 4; lastKnownFileType = file.storyboard; path = IPhoneStoryboard.storyboard; sourceTree = "<group>"; };
		CBA7D3D5183E70F50002B523 /* highScore.plist */ = {isa = PBXFileReference; fileEncoding = 4; lastKnownFileType = text.plist.xml; path = highScore.plist; sourceTree = "<group>"; };
		CBA7D3ED183E7AA50002B523 /* Game of Thrones.ttf */ = {isa = PBXFileReference; lastKnownFileType = file; name = "Game of Thrones.ttf"; path = "Fonts/Game of Thrones.ttf"; sourceTree = "<group>"; };
		CBA7D3F0183E7B560002B523 /* HomeViewController.h */ = {isa = PBXFileReference; fileEncoding = 4; lastKnownFileType = sourcecode.c.h; path = HomeViewController.h; sourceTree = "<group>"; };
		CBA7D3F1183E7B560002B523 /* HomeViewController.m */ = {isa = PBXFileReference; fileEncoding = 4; lastKnownFileType = sourcecode.c.objc; path = HomeViewController.m; sourceTree = "<group>"; };
		CBE3FE3318522EBD00811807 /* NSString+fitFontToButton.h */ = {isa = PBXFileReference; fileEncoding = 4; lastKnownFileType = sourcecode.c.h; path = "NSString+fitFontToButton.h"; sourceTree = "<group>"; };
		CBE3FE3418522EBD00811807 /* NSString+fitFontToButton.m */ = {isa = PBXFileReference; fileEncoding = 4; lastKnownFileType = sourcecode.c.objc; path = "NSString+fitFontToButton.m"; sourceTree = "<group>"; };
		CBE3FE3618522EC700811807 /* NSMutableArray_Shuffling.h */ = {isa = PBXFileReference; fileEncoding = 4; lastKnownFileType = sourcecode.c.h; path = NSMutableArray_Shuffling.h; sourceTree = "<group>"; };
		CBE3FE3718522EC700811807 /* NSMutableArray_Shuffling.m */ = {isa = PBXFileReference; fileEncoding = 4; lastKnownFileType = sourcecode.c.objc; path = NSMutableArray_Shuffling.m; sourceTree = "<group>"; };
		CBE3FE3B18522F2900811807 /* GameController.h */ = {isa = PBXFileReference; fileEncoding = 4; lastKnownFileType = sourcecode.c.h; path = GameController.h; sourceTree = "<group>"; };
		CBE3FE3C18522F2900811807 /* GameController.m */ = {isa = PBXFileReference; fileEncoding = 4; lastKnownFileType = sourcecode.c.objc; path = GameController.m; sourceTree = "<group>"; };
		CBE3FE3D18522F2900811807 /* GameQuestion.h */ = {isa = PBXFileReference; fileEncoding = 4; lastKnownFileType = sourcecode.c.h; path = GameQuestion.h; sourceTree = "<group>"; };
		CBE3FE3E18522F2900811807 /* GameQuestion.m */ = {isa = PBXFileReference; fileEncoding = 4; lastKnownFileType = sourcecode.c.objc; path = GameQuestion.m; sourceTree = "<group>"; };
		CBEC2CB61849159900F74B13 /* EasyQuestions.plist */ = {isa = PBXFileReference; fileEncoding = 4; lastKnownFileType = text.plist.xml; path = EasyQuestions.plist; sourceTree = "<group>"; };
		CBEC2CB918498E7900F74B13 /* QuestionViewController.h */ = {isa = PBXFileReference; fileEncoding = 4; lastKnownFileType = sourcecode.c.h; path = QuestionViewController.h; sourceTree = "<group>"; };
		CBEC2CBA18498E7900F74B13 /* QuestionViewController.m */ = {isa = PBXFileReference; fileEncoding = 4; lastKnownFileType = sourcecode.c.objc; path = QuestionViewController.m; sourceTree = "<group>"; };
		CBEC2CBC1849904100F74B13 /* questionButton.png */ = {isa = PBXFileReference; lastKnownFileType = image.png; path = questionButton.png; sourceTree = "<group>"; };
		CBFF529F183ED28F0019EFA3 /* DifficultySelectionViewController.h */ = {isa = PBXFileReference; fileEncoding = 4; lastKnownFileType = sourcecode.c.h; path = DifficultySelectionViewController.h; sourceTree = "<group>"; };
		CBFF52A0183ED28F0019EFA3 /* DifficultySelectionViewController.m */ = {isa = PBXFileReference; fileEncoding = 4; lastKnownFileType = sourcecode.c.objc; path = DifficultySelectionViewController.m; sourceTree = "<group>"; };
		CBFF52A3183ED7D00019EFA3 /* lannisterB-568h@2x~iphone.png */ = {isa = PBXFileReference; lastKnownFileType = image.png; path = "lannisterB-568h@2x~iphone.png"; sourceTree = "<group>"; };
		CBFF52A4183ED7D00019EFA3 /* lannisterB@2x~ipad.png */ = {isa = PBXFileReference; lastKnownFileType = image.png; path = "lannisterB@2x~ipad.png"; sourceTree = "<group>"; };
		CBFF52A5183ED7D00019EFA3 /* lannisterB@2x~iphone.png */ = {isa = PBXFileReference; lastKnownFileType = image.png; path = "lannisterB@2x~iphone.png"; sourceTree = "<group>"; };
		CBFF52A6183ED7D00019EFA3 /* lannisterB~ipad.png */ = {isa = PBXFileReference; lastKnownFileType = image.png; path = "lannisterB~ipad.png"; sourceTree = "<group>"; };
		CBFF52A7183ED7D00019EFA3 /* lannisterB~iphone.png */ = {isa = PBXFileReference; lastKnownFileType = image.png; path = "lannisterB~iphone.png"; sourceTree = "<group>"; };
/* End PBXFileReference section */

/* Begin PBXFrameworksBuildPhase section */
		CBA7D39A183E6F8B0002B523 /* Frameworks */ = {
			isa = PBXFrameworksBuildPhase;
			buildActionMask = 2147483647;
			files = (
				CBA7D3A3183E6F8B0002B523 /* CoreGraphics.framework in Frameworks */,
				CBA7D3A5183E6F8B0002B523 /* UIKit.framework in Frameworks */,
				CBA7D3A1183E6F8B0002B523 /* Foundation.framework in Frameworks */,
			);
			runOnlyForDeploymentPostprocessing = 0;
		};
		CBA7D3B5183E6F8B0002B523 /* Frameworks */ = {
			isa = PBXFrameworksBuildPhase;
			buildActionMask = 2147483647;
			files = (
				CBA7D3BA183E6F8B0002B523 /* XCTest.framework in Frameworks */,
				CBA7D3BC183E6F8B0002B523 /* UIKit.framework in Frameworks */,
				CBA7D3BB183E6F8B0002B523 /* Foundation.framework in Frameworks */,
			);
			runOnlyForDeploymentPostprocessing = 0;
		};
/* End PBXFrameworksBuildPhase section */

/* Begin PBXGroup section */
		CB30E9621847AD2000481F90 /* Menu Views */ = {
			isa = PBXGroup;
			children = (
				CBA7D3F0183E7B560002B523 /* HomeViewController.h */,
				CBA7D3F1183E7B560002B523 /* HomeViewController.m */,
				CBFF529F183ED28F0019EFA3 /* DifficultySelectionViewController.h */,
				CBFF52A0183ED28F0019EFA3 /* DifficultySelectionViewController.m */,
				CB3515EB183F17EB00135F71 /* SettingsViewController.h */,
				CB3515EC183F17EB00135F71 /* SettingsViewController.m */,
				CB30E95F1847AD1500481F90 /* NumberOfQuestionsViewController.h */,
				CB30E9601847AD1500481F90 /* NumberOfQuestionsViewController.m */,
			);
			name = "Menu Views";
			sourceTree = "<group>";
		};
		CB8CA7571847AFA8003C24A2 /* Game Controller */ = {
			isa = PBXGroup;
			children = (
				CBE3FE3B18522F2900811807 /* GameController.h */,
				CBE3FE3C18522F2900811807 /* GameController.m */,
				CBE3FE3D18522F2900811807 /* GameQuestion.h */,
				CBE3FE3E18522F2900811807 /* GameQuestion.m */,
			);
			name = "Game Controller";
			sourceTree = "<group>";
		};
		CB983940183ED20900904480 /* Buttons */ = {
			isa = PBXGroup;
			children = (
				CBEC2CBC1849904100F74B13 /* questionButton.png */,
				CB8CA7581847B434003C24A2 /* circularButton.png */,
				CB983941183ED20900904480 /* bigButton.png */,
				CB983942183ED20900904480 /* SettingsTabIcon@2x.png */,
				CB983943183ED20900904480 /* tinyButton.png */,
			);
			path = Buttons;
			sourceTree = "<group>";
		};
		CB9E2CB31840062F002F4263 /* Baratheon Images */ = {
			isa = PBXGroup;
			children = (
				CB9E2CB41840062F002F4263 /* baratheonB-568h@2x~iphone.png */,
				CB9E2CB51840062F002F4263 /* baratheonB@2x~ipad.png */,
				CB9E2CB61840062F002F4263 /* baratheonB@2x~iphone.png */,
				CB9E2CB71840062F002F4263 /* baratheonB~ipad.png */,
				CB9E2CB81840062F002F4263 /* baratheonB~iphone.png */,
			);
			name = "Baratheon Images";
			path = "Background Images/Baratheon Images";
			sourceTree = "<group>";
		};
		CBA7D394183E6F8B0002B523 = {
			isa = PBXGroup;
			children = (
				CBA7D3A6183E6F8B0002B523 /* GOTTrivia */,
				CBA7D3BF183E6F8B0002B523 /* GOTTriviaTests */,
				CBA7D39F183E6F8B0002B523 /* Frameworks */,
				CBA7D39E183E6F8B0002B523 /* Products */,
			);
			sourceTree = "<group>";
		};
		CBA7D39E183E6F8B0002B523 /* Products */ = {
			isa = PBXGroup;
			children = (
				CBA7D39D183E6F8B0002B523 /* GOTTrivia.app */,
				CBA7D3B8183E6F8B0002B523 /* GOTTriviaTests.xctest */,
			);
			name = Products;
			sourceTree = "<group>";
		};
		CBA7D39F183E6F8B0002B523 /* Frameworks */ = {
			isa = PBXGroup;
			children = (
				CBA7D3A0183E6F8B0002B523 /* Foundation.framework */,
				CBA7D3A2183E6F8B0002B523 /* CoreGraphics.framework */,
				CBA7D3A4183E6F8B0002B523 /* UIKit.framework */,
				CBA7D3B9183E6F8B0002B523 /* XCTest.framework */,
			);
			name = Frameworks;
			sourceTree = "<group>";
		};
		CBA7D3A6183E6F8B0002B523 /* GOTTrivia */ = {
			isa = PBXGroup;
			children = (
				CBA7D3D0183E6FAE0002B523 /* IPad */,
				CBA7D3CF183E6FA00002B523 /* IPhone */,
				CBA7D3AF183E6F8B0002B523 /* GOTAppDelegate.h */,
				CBA7D3B0183E6F8B0002B523 /* GOTAppDelegate.m */,
				CB8CA7571847AFA8003C24A2 /* Game Controller */,
				CB30E9621847AD2000481F90 /* Menu Views */,
				CBEC2CB818498E5300F74B13 /* In-Game Views */,
				CBA7D3B2183E6F8B0002B523 /* Images.xcassets */,
				CBA7D3A7183E6F8B0002B523 /* Supporting Files */,
			);
			path = GOTTrivia;
			sourceTree = "<group>";
		};
		CBA7D3A7183E6F8B0002B523 /* Supporting Files */ = {
			isa = PBXGroup;
			children = (
				CBE3FE3918522EEB00811807 /* Fit Font to Button */,
				CBE3FE3A18522F0000811807 /* Array Shuffling */,
				CB983940183ED20900904480 /* Buttons */,
				CBA7D3D7183E74C20002B523 /* Background Images */,
				CBEC2CB51849158900F74B13 /* Questions */,
				CBA7D3EF183E7AA90002B523 /* Fonts */,
				CBA7D3A8183E6F8B0002B523 /* GOTTrivia-Info.plist */,
				CBA7D3A9183E6F8B0002B523 /* InfoPlist.strings */,
				CBA7D3AC183E6F8B0002B523 /* main.m */,
				CBA7D3AE183E6F8B0002B523 /* GOTTrivia-Prefix.pch */,
				CBA7D3D5183E70F50002B523 /* highScore.plist */,
			);
			name = "Supporting Files";
			sourceTree = "<group>";
		};
		CBA7D3BF183E6F8B0002B523 /* GOTTriviaTests */ = {
			isa = PBXGroup;
			children = (
				CBA7D3C5183E6F8B0002B523 /* GOTTriviaTests.m */,
				CBA7D3C0183E6F8B0002B523 /* Supporting Files */,
			);
			path = GOTTriviaTests;
			sourceTree = "<group>";
		};
		CBA7D3C0183E6F8B0002B523 /* Supporting Files */ = {
			isa = PBXGroup;
			children = (
				CBA7D3C1183E6F8B0002B523 /* GOTTriviaTests-Info.plist */,
				CBA7D3C2183E6F8B0002B523 /* InfoPlist.strings */,
			);
			name = "Supporting Files";
			sourceTree = "<group>";
		};
		CBA7D3CF183E6FA00002B523 /* IPhone */ = {
			isa = PBXGroup;
			children = (
				CBA7D3D3183E6FFF0002B523 /* IPhoneStoryboard.storyboard */,
			);
			name = IPhone;
			sourceTree = "<group>";
		};
		CBA7D3D0183E6FAE0002B523 /* IPad */ = {
			isa = PBXGroup;
			children = (
				CBA7D3D1183E6FF00002B523 /* IPadStoryboard.storyboard */,
			);
			name = IPad;
			sourceTree = "<group>";
		};
		CBA7D3D7183E74C20002B523 /* Background Images */ = {
			isa = PBXGroup;
			children = (
				CBF86C8018404BC3004DD83C /* Martell Images */,
				CB9E2CB31840062F002F4263 /* Baratheon Images */,
				CBFF52A2183ED7D00019EFA3 /* Lannister Background */,
				CBA7D3E2183E79E50002B523 /* Stark Background */,
			);
			name = "Background Images";
			sourceTree = "<group>";
		};
		CBA7D3E2183E79E50002B523 /* Stark Background */ = {
			isa = PBXGroup;
			children = (
				CB30E9551847A8F000481F90 /* starkB-568h@2x~iphone.png */,
				CB30E9561847A8F000481F90 /* starkB@2x~ipad.png */,
				CB30E9571847A8F000481F90 /* starkB@2x~iphone.png */,
				CB30E9581847A8F000481F90 /* starkB~ipad.png */,
				CB30E9591847A8F000481F90 /* starkB~iphone.png */,
			);
			name = "Stark Background";
			sourceTree = "<group>";
		};
		CBA7D3EF183E7AA90002B523 /* Fonts */ = {
			isa = PBXGroup;
			children = (
				CBA7D3ED183E7AA50002B523 /* Game of Thrones.ttf */,
			);
			name = Fonts;
			sourceTree = "<group>";
		};
		CBE3FE3918522EEB00811807 /* Fit Font to Button */ = {
			isa = PBXGroup;
			children = (
				CBE3FE3318522EBD00811807 /* NSString+fitFontToButton.h */,
				CBE3FE3418522EBD00811807 /* NSString+fitFontToButton.m */,
			);
			name = "Fit Font to Button";
			sourceTree = "<group>";
		};
		CBE3FE3A18522F0000811807 /* Array Shuffling */ = {
			isa = PBXGroup;
			children = (
				CBE3FE3618522EC700811807 /* NSMutableArray_Shuffling.h */,
				CBE3FE3718522EC700811807 /* NSMutableArray_Shuffling.m */,
			);
			name = "Array Shuffling";
			sourceTree = "<group>";
		};
		CBEC2CB51849158900F74B13 /* Questions */ = {
			isa = PBXGroup;
			children = (
				CBEC2CB61849159900F74B13 /* EasyQuestions.plist */,
			);
			name = Questions;
			sourceTree = "<group>";
		};
		CBEC2CB818498E5300F74B13 /* In-Game Views */ = {
			isa = PBXGroup;
			children = (
				CBEC2CB918498E7900F74B13 /* QuestionViewController.h */,
				CBEC2CBA18498E7900F74B13 /* QuestionViewController.m */,
			);
			name = "In-Game Views";
			sourceTree = "<group>";
		};
		CBF86C8018404BC3004DD83C /* Martell Images */ = {
			isa = PBXGroup;
			children = (
				CB30E94B1847A45700481F90 /* martellB-568h@2x~iphone.png */,
				CB30E94C1847A45700481F90 /* martellB@2x~ipad.png */,
				CB30E94D1847A45700481F90 /* martellB@2x~iphone.png */,
				CB30E94E1847A45700481F90 /* martellB~ipad.png */,
				CB30E94F1847A45700481F90 /* martellB~iphone.png */,
			);
			name = "Martell Images";
			path = "Background Images/Martell Images";
			sourceTree = "<group>";
		};
		CBFF52A2183ED7D00019EFA3 /* Lannister Background */ = {
			isa = PBXGroup;
			children = (
				CBFF52A3183ED7D00019EFA3 /* lannisterB-568h@2x~iphone.png */,
				CBFF52A4183ED7D00019EFA3 /* lannisterB@2x~ipad.png */,
				CBFF52A5183ED7D00019EFA3 /* lannisterB@2x~iphone.png */,
				CBFF52A6183ED7D00019EFA3 /* lannisterB~ipad.png */,
				CBFF52A7183ED7D00019EFA3 /* lannisterB~iphone.png */,
			);
			name = "Lannister Background";
			path = "Background Images/Lannister Images";
			sourceTree = "<group>";
		};
/* End PBXGroup section */

/* Begin PBXNativeTarget section */
		CBA7D39C183E6F8B0002B523 /* GOTTrivia */ = {
			isa = PBXNativeTarget;
			buildConfigurationList = CBA7D3C9183E6F8B0002B523 /* Build configuration list for PBXNativeTarget "GOTTrivia" */;
			buildPhases = (
				CBA7D399183E6F8B0002B523 /* Sources */,
				CBA7D39A183E6F8B0002B523 /* Frameworks */,
				CBA7D39B183E6F8B0002B523 /* Resources */,
			);
			buildRules = (
			);
			dependencies = (
			);
			name = GOTTrivia;
			productName = GOTTrivia;
			productReference = CBA7D39D183E6F8B0002B523 /* GOTTrivia.app */;
			productType = "com.apple.product-type.application";
		};
		CBA7D3B7183E6F8B0002B523 /* GOTTriviaTests */ = {
			isa = PBXNativeTarget;
			buildConfigurationList = CBA7D3CC183E6F8B0002B523 /* Build configuration list for PBXNativeTarget "GOTTriviaTests" */;
			buildPhases = (
				CBA7D3B4183E6F8B0002B523 /* Sources */,
				CBA7D3B5183E6F8B0002B523 /* Frameworks */,
				CBA7D3B6183E6F8B0002B523 /* Resources */,
			);
			buildRules = (
			);
			dependencies = (
				CBA7D3BE183E6F8B0002B523 /* PBXTargetDependency */,
			);
			name = GOTTriviaTests;
			productName = GOTTriviaTests;
			productReference = CBA7D3B8183E6F8B0002B523 /* GOTTriviaTests.xctest */;
			productType = "com.apple.product-type.bundle.unit-test";
		};
/* End PBXNativeTarget section */

/* Begin PBXProject section */
		CBA7D395183E6F8B0002B523 /* Project object */ = {
			isa = PBXProject;
			attributes = {
				CLASSPREFIX = GOT;
				LastUpgradeCheck = 0500;
				ORGANIZATIONNAME = "James Hicklin";
				TargetAttributes = {
					CBA7D3B7183E6F8B0002B523 = {
						TestTargetID = CBA7D39C183E6F8B0002B523;
					};
				};
			};
			buildConfigurationList = CBA7D398183E6F8B0002B523 /* Build configuration list for PBXProject "GOTTrivia" */;
			compatibilityVersion = "Xcode 3.2";
			developmentRegion = English;
			hasScannedForEncodings = 0;
			knownRegions = (
				en,
			);
			mainGroup = CBA7D394183E6F8B0002B523;
			productRefGroup = CBA7D39E183E6F8B0002B523 /* Products */;
			projectDirPath = "";
			projectRoot = "";
			targets = (
				CBA7D39C183E6F8B0002B523 /* GOTTrivia */,
				CBA7D3B7183E6F8B0002B523 /* GOTTriviaTests */,
			);
		};
/* End PBXProject section */

/* Begin PBXResourcesBuildPhase section */
		CBA7D39B183E6F8B0002B523 /* Resources */ = {
			isa = PBXResourcesBuildPhase;
			buildActionMask = 2147483647;
			files = (
				CB9E2CBB1840062F002F4263 /* baratheonB@2x~iphone.png in Resources */,
				CB30E95D1847A8F000481F90 /* starkB~ipad.png in Resources */,
				CB30E9541847A45700481F90 /* martellB~iphone.png in Resources */,
				CB983946183ED20900904480 /* tinyButton.png in Resources */,
				CBFF52A9183ED7D00019EFA3 /* lannisterB@2x~ipad.png in Resources */,
				CBEC2CBD1849904100F74B13 /* questionButton.png in Resources */,
				CB30E9531847A45700481F90 /* martellB~ipad.png in Resources */,
				CB30E9501847A45700481F90 /* martellB-568h@2x~iphone.png in Resources */,
				CB9E2CBC1840062F002F4263 /* baratheonB~ipad.png in Resources */,
				CB8CA7591847B434003C24A2 /* circularButton.png in Resources */,
				CBEC2CB71849159900F74B13 /* EasyQuestions.plist in Resources */,
				CBA7D3D2183E6FF00002B523 /* IPadStoryboard.storyboard in Resources */,
				CB30E95C1847A8F000481F90 /* starkB@2x~iphone.png in Resources */,
				CBA7D3AB183E6F8B0002B523 /* InfoPlist.strings in Resources */,
				CB9E2CB91840062F002F4263 /* baratheonB-568h@2x~iphone.png in Resources */,
				CB9E2CBA1840062F002F4263 /* baratheonB@2x~ipad.png in Resources */,
				CBA7D3D6183E70F50002B523 /* highScore.plist in Resources */,
				CB983944183ED20900904480 /* bigButton.png in Resources */,
				CBA7D3D4183E6FFF0002B523 /* IPhoneStoryboard.storyboard in Resources */,
				CB30E9511847A45700481F90 /* martellB@2x~ipad.png in Resources */,
				CB9E2CBD1840062F002F4263 /* baratheonB~iphone.png in Resources */,
				CB30E9521847A45700481F90 /* martellB@2x~iphone.png in Resources */,
				CB983945183ED20900904480 /* SettingsTabIcon@2x.png in Resources */,
				CBFF52AB183ED7D00019EFA3 /* lannisterB~ipad.png in Resources */,
				CBA7D3EE183E7AA50002B523 /* Game of Thrones.ttf in Resources */,
				CB30E95A1847A8F000481F90 /* starkB-568h@2x~iphone.png in Resources */,
				CBFF52A8183ED7D00019EFA3 /* lannisterB-568h@2x~iphone.png in Resources */,
				CBFF52AA183ED7D00019EFA3 /* lannisterB@2x~iphone.png in Resources */,
				CBFF52AC183ED7D00019EFA3 /* lannisterB~iphone.png in Resources */,
				CB30E95B1847A8F000481F90 /* starkB@2x~ipad.png in Resources */,
				CBA7D3B3183E6F8B0002B523 /* Images.xcassets in Resources */,
				CB30E95E1847A8F000481F90 /* starkB~iphone.png in Resources */,
			);
			runOnlyForDeploymentPostprocessing = 0;
		};
		CBA7D3B6183E6F8B0002B523 /* Resources */ = {
			isa = PBXResourcesBuildPhase;
			buildActionMask = 2147483647;
			files = (
				CBA7D3C4183E6F8B0002B523 /* InfoPlist.strings in Resources */,
			);
			runOnlyForDeploymentPostprocessing = 0;
		};
/* End PBXResourcesBuildPhase section */

/* Begin PBXSourcesBuildPhase section */
		CBA7D399183E6F8B0002B523 /* Sources */ = {
			isa = PBXSourcesBuildPhase;
			buildActionMask = 2147483647;
			files = (
				CB30E9611847AD1500481F90 /* NumberOfQuestionsViewController.m in Sources */,
				CBE3FE3518522EBD00811807 /* NSString+fitFontToButton.m in Sources */,
				CBA7D3AD183E6F8B0002B523 /* main.m in Sources */,
				CBE3FE3F18522F2900811807 /* GameController.m in Sources */,
				CBFF52A1183ED28F0019EFA3 /* DifficultySelectionViewController.m in Sources */,
				CBEC2CBB18498E7900F74B13 /* QuestionViewController.m in Sources */,
				CB3515ED183F17EB00135F71 /* SettingsViewController.m in Sources */,
				CBA7D3B1183E6F8B0002B523 /* GOTAppDelegate.m in Sources */,
				CBA7D3F2183E7B560002B523 /* HomeViewController.m in Sources */,
				CBE3FE3818522EC700811807 /* NSMutableArray_Shuffling.m in Sources */,
				CBE3FE4018522F2900811807 /* GameQuestion.m in Sources */,
			);
			runOnlyForDeploymentPostprocessing = 0;
		};
		CBA7D3B4183E6F8B0002B523 /* Sources */ = {
			isa = PBXSourcesBuildPhase;
			buildActionMask = 2147483647;
			files = (
				CBA7D3C6183E6F8B0002B523 /* GOTTriviaTests.m in Sources */,
			);
			runOnlyForDeploymentPostprocessing = 0;
		};
/* End PBXSourcesBuildPhase section */

/* Begin PBXTargetDependency section */
		CBA7D3BE183E6F8B0002B523 /* PBXTargetDependency */ = {
			isa = PBXTargetDependency;
			target = CBA7D39C183E6F8B0002B523 /* GOTTrivia */;
			targetProxy = CBA7D3BD183E6F8B0002B523 /* PBXContainerItemProxy */;
		};
/* End PBXTargetDependency section */

/* Begin PBXVariantGroup section */
		CBA7D3A9183E6F8B0002B523 /* InfoPlist.strings */ = {
			isa = PBXVariantGroup;
			children = (
				CBA7D3AA183E6F8B0002B523 /* en */,
			);
			name = InfoPlist.strings;
			sourceTree = "<group>";
		};
		CBA7D3C2183E6F8B0002B523 /* InfoPlist.strings */ = {
			isa = PBXVariantGroup;
			children = (
				CBA7D3C3183E6F8B0002B523 /* en */,
			);
			name = InfoPlist.strings;
			sourceTree = "<group>";
		};
/* End PBXVariantGroup section */

/* Begin XCBuildConfiguration section */
		CBA7D3C7183E6F8B0002B523 /* Debug */ = {
			isa = XCBuildConfiguration;
			buildSettings = {
				ALWAYS_SEARCH_USER_PATHS = NO;
				ARCHS = "$(ARCHS_STANDARD_INCLUDING_64_BIT)";
				CLANG_CXX_LANGUAGE_STANDARD = "gnu++0x";
				CLANG_CXX_LIBRARY = "libc++";
				CLANG_ENABLE_MODULES = YES;
				CLANG_ENABLE_OBJC_ARC = YES;
				CLANG_WARN_BOOL_CONVERSION = YES;
				CLANG_WARN_CONSTANT_CONVERSION = YES;
				CLANG_WARN_DIRECT_OBJC_ISA_USAGE = YES_ERROR;
				CLANG_WARN_EMPTY_BODY = YES;
				CLANG_WARN_ENUM_CONVERSION = YES;
				CLANG_WARN_INT_CONVERSION = YES;
				CLANG_WARN_OBJC_ROOT_CLASS = YES_ERROR;
				CLANG_WARN__DUPLICATE_METHOD_MATCH = YES;
				"CODE_SIGN_IDENTITY[sdk=iphoneos*]" = "iPhone Developer";
				COPY_PHASE_STRIP = NO;
				GCC_C_LANGUAGE_STANDARD = gnu99;
				GCC_DYNAMIC_NO_PIC = NO;
				GCC_OPTIMIZATION_LEVEL = 0;
				GCC_PREPROCESSOR_DEFINITIONS = (
					"DEBUG=1",
					"$(inherited)",
				);
				GCC_SYMBOLS_PRIVATE_EXTERN = NO;
				GCC_WARN_64_TO_32_BIT_CONVERSION = YES;
				GCC_WARN_ABOUT_RETURN_TYPE = YES_ERROR;
				GCC_WARN_UNDECLARED_SELECTOR = YES;
				GCC_WARN_UNINITIALIZED_AUTOS = YES;
				GCC_WARN_UNUSED_FUNCTION = YES;
				GCC_WARN_UNUSED_VARIABLE = YES;
				IPHONEOS_DEPLOYMENT_TARGET = 7.0;
				ONLY_ACTIVE_ARCH = YES;
				SDKROOT = iphoneos;
				TARGETED_DEVICE_FAMILY = "1,2";
			};
			name = Debug;
		};
		CBA7D3C8183E6F8B0002B523 /* Release */ = {
			isa = XCBuildConfiguration;
			buildSettings = {
				ALWAYS_SEARCH_USER_PATHS = NO;
				ARCHS = "$(ARCHS_STANDARD_INCLUDING_64_BIT)";
				CLANG_CXX_LANGUAGE_STANDARD = "gnu++0x";
				CLANG_CXX_LIBRARY = "libc++";
				CLANG_ENABLE_MODULES = YES;
				CLANG_ENABLE_OBJC_ARC = YES;
				CLANG_WARN_BOOL_CONVERSION = YES;
				CLANG_WARN_CONSTANT_CONVERSION = YES;
				CLANG_WARN_DIRECT_OBJC_ISA_USAGE = YES_ERROR;
				CLANG_WARN_EMPTY_BODY = YES;
				CLANG_WARN_ENUM_CONVERSION = YES;
				CLANG_WARN_INT_CONVERSION = YES;
				CLANG_WARN_OBJC_ROOT_CLASS = YES_ERROR;
				CLANG_WARN__DUPLICATE_METHOD_MATCH = YES;
				"CODE_SIGN_IDENTITY[sdk=iphoneos*]" = "iPhone Developer";
				COPY_PHASE_STRIP = YES;
				ENABLE_NS_ASSERTIONS = NO;
				GCC_C_LANGUAGE_STANDARD = gnu99;
				GCC_WARN_64_TO_32_BIT_CONVERSION = YES;
				GCC_WARN_ABOUT_RETURN_TYPE = YES_ERROR;
				GCC_WARN_UNDECLARED_SELECTOR = YES;
				GCC_WARN_UNINITIALIZED_AUTOS = YES;
				GCC_WARN_UNUSED_FUNCTION = YES;
				GCC_WARN_UNUSED_VARIABLE = YES;
				IPHONEOS_DEPLOYMENT_TARGET = 7.0;
				SDKROOT = iphoneos;
				TARGETED_DEVICE_FAMILY = "1,2";
				VALIDATE_PRODUCT = YES;
			};
			name = Release;
		};
		CBA7D3CA183E6F8B0002B523 /* Debug */ = {
			isa = XCBuildConfiguration;
			buildSettings = {
				ASSETCATALOG_COMPILER_APPICON_NAME = AppIcon;
				ASSETCATALOG_COMPILER_LAUNCHIMAGE_NAME = LaunchImage;
				CODE_SIGN_IDENTITY = "iPhone Developer: James Hicklin (LF63P235BP)";
				GCC_PRECOMPILE_PREFIX_HEADER = YES;
				GCC_PREFIX_HEADER = "GOTTrivia/GOTTrivia-Prefix.pch";
				INFOPLIST_FILE = "GOTTrivia/GOTTrivia-Info.plist";
				IPHONEOS_DEPLOYMENT_TARGET = 6.0;
				PRODUCT_NAME = "$(TARGET_NAME)";
				PROVISIONING_PROFILE = "26DF90CD-2420-48B4-A0B8-32F0360E2A47";
				WRAPPER_EXTENSION = app;
			};
			name = Debug;
		};
		CBA7D3CB183E6F8B0002B523 /* Release */ = {
			isa = XCBuildConfiguration;
			buildSettings = {
				ASSETCATALOG_COMPILER_APPICON_NAME = AppIcon;
				ASSETCATALOG_COMPILER_LAUNCHIMAGE_NAME = LaunchImage;
				CODE_SIGN_IDENTITY = "iPhone Developer: James Hicklin (LF63P235BP)";
				GCC_PRECOMPILE_PREFIX_HEADER = YES;
				GCC_PREFIX_HEADER = "GOTTrivia/GOTTrivia-Prefix.pch";
				INFOPLIST_FILE = "GOTTrivia/GOTTrivia-Info.plist";
				IPHONEOS_DEPLOYMENT_TARGET = 6.0;
				PRODUCT_NAME = "$(TARGET_NAME)";
				PROVISIONING_PROFILE = "26DF90CD-2420-48B4-A0B8-32F0360E2A47";
				WRAPPER_EXTENSION = app;
			};
			name = Release;
		};
		CBA7D3CD183E6F8B0002B523 /* Debug */ = {
			isa = XCBuildConfiguration;
			buildSettings = {
				ARCHS = "$(ARCHS_STANDARD_INCLUDING_64_BIT)";
				BUNDLE_LOADER = "$(BUILT_PRODUCTS_DIR)/GOTTrivia.app/GOTTrivia";
				FRAMEWORK_SEARCH_PATHS = (
					"$(SDKROOT)/Developer/Library/Frameworks",
					"$(inherited)",
					"$(DEVELOPER_FRAMEWORKS_DIR)",
				);
				GCC_PRECOMPILE_PREFIX_HEADER = YES;
				GCC_PREFIX_HEADER = "GOTTrivia/GOTTrivia-Prefix.pch";
				GCC_PREPROCESSOR_DEFINITIONS = (
					"DEBUG=1",
					"$(inherited)",
				);
				INFOPLIST_FILE = "GOTTriviaTests/GOTTriviaTests-Info.plist";
				PRODUCT_NAME = "$(TARGET_NAME)";
				TEST_HOST = "$(BUNDLE_LOADER)";
				WRAPPER_EXTENSION = xctest;
			};
			name = Debug;
		};
		CBA7D3CE183E6F8B0002B523 /* Release */ = {
			isa = XCBuildConfiguration;
			buildSettings = {
				ARCHS = "$(ARCHS_STANDARD_INCLUDING_64_BIT)";
				BUNDLE_LOADER = "$(BUILT_PRODUCTS_DIR)/GOTTrivia.app/GOTTrivia";
				FRAMEWORK_SEARCH_PATHS = (
					"$(SDKROOT)/Developer/Library/Frameworks",
					"$(inherited)",
					"$(DEVELOPER_FRAMEWORKS_DIR)",
				);
				GCC_PRECOMPILE_PREFIX_HEADER = YES;
				GCC_PREFIX_HEADER = "GOTTrivia/GOTTrivia-Prefix.pch";
				INFOPLIST_FILE = "GOTTriviaTests/GOTTriviaTests-Info.plist";
				PRODUCT_NAME = "$(TARGET_NAME)";
				TEST_HOST = "$(BUNDLE_LOADER)";
				WRAPPER_EXTENSION = xctest;
			};
			name = Release;
		};
/* End XCBuildConfiguration section */

/* Begin XCConfigurationList section */
		CBA7D398183E6F8B0002B523 /* Build configuration list for PBXProject "GOTTrivia" */ = {
			isa = XCConfigurationList;
			buildConfigurations = (
				CBA7D3C7183E6F8B0002B523 /* Debug */,
				CBA7D3C8183E6F8B0002B523 /* Release */,
			);
			defaultConfigurationIsVisible = 0;
			defaultConfigurationName = Release;
		};
		CBA7D3C9183E6F8B0002B523 /* Build configuration list for PBXNativeTarget "GOTTrivia" */ = {
			isa = XCConfigurationList;
			buildConfigurations = (
				CBA7D3CA183E6F8B0002B523 /* Debug */,
				CBA7D3CB183E6F8B0002B523 /* Release */,
			);
			defaultConfigurationIsVisible = 0;
			defaultConfigurationName = Release;
		};
		CBA7D3CC183E6F8B0002B523 /* Build configuration list for PBXNativeTarget "GOTTriviaTests" */ = {
			isa = XCConfigurationList;
			buildConfigurations = (
				CBA7D3CD183E6F8B0002B523 /* Debug */,
				CBA7D3CE183E6F8B0002B523 /* Release */,
			);
			defaultConfigurationIsVisible = 0;
			defaultConfigurationName = Release;
		};
/* End XCConfigurationList section */
	};
	rootObject = CBA7D395183E6F8B0002B523 /* Project object */;
}
